
Microsoft Visual Studio Solution File, Format Version 12.00
# Visual Studio Version 17
VisualStudioVersion = 17.9.34728.123
MinimumVisualStudioVersion = 10.0.40219.1
Project("{FAE04EC0-301F-11D3-BF4B-00C04F79EFBC}") = "Teste TI Vigna Advocacia", "Teste TI Vigna Advocacia\Teste TI Vigna Advocacia.csproj", "{104F3A5F-EAB9-4844-BBE5-DDC2DE59171B}"
EndProject
Global
	GlobalSection(SolutionConfigurationPlatforms) = preSolution
		Debug|Any CPU = Debug|Any CPU
		Release|Any CPU = Release|Any CPU
	EndGlobalSection
	GlobalSection(ProjectConfigurationPlatforms) = postSolution
		{104F3A5F-EAB9-4844-BBE5-DDC2DE59171B}.Debug|Any CPU.ActiveCfg = Debug|Any CPU
		{104F3A5F-EAB9-4844-BBE5-DDC2DE59171B}.Debug|Any CPU.Build.0 = Debug|Any CPU
		{104F3A5F-EAB9-4844-BBE5-DDC2DE59171B}.Release|Any CPU.ActiveCfg = Release|Any CPU
		{104F3A5F-EAB9-4844-BBE5-DDC2DE59171B}.Release|Any CPU.Build.0 = Release|Any CPU
	EndGlobalSection
	GlobalSection(SolutionProperties) = preSolution
		HideSolutionNode = FALSE
	EndGlobalSection
	GlobalSection(ExtensibilityGlobals) = postSolution
		SolutionGuid = {A95C0CD8-EFDA-4595-BBAA-55FDD8A924CF}
	EndGlobalSection
EndGlobal
